<?xml version="1.0" encoding="utf-8"?>
<Project ToolsVersion="4.0" xmlns="http://schemas.microsoft.com/developer/msbuild/2003">
  <ItemGroup>
    <Filter Include="Source Files">
      <UniqueIdentifier>{4FC737F1-C7A5-4376-A066-2A32D752A2FF}</UniqueIdentifier>
      <Extensions>cpp;c;cc;cxx;def;odl;idl;hpj;bat;asm;asmx</Extensions>
    </Filter>
    <Filter Include="Header Files">
      <UniqueIdentifier>{93995380-89BD-4b04-88EB-625FBE52EBFB}</UniqueIdentifier>
      <Extensions>h;hh;hpp;hxx;hm;inl;inc;ipp;xsd</Extensions>
    </Filter>
    <Filter Include="Resource Files">
      <UniqueIdentifier>{67DA6AB6-F800-4c08-8B7A-83BB121AAD01}</UniqueIdentifier>
      <Extensions>rc;ico;cur;bmp;dlg;rc2;rct;bin;rgs;gif;jpg;jpeg;jpe;resx;tiff;tif;png;wav;mfcribbon-ms</Extensions>
    </Filter>
    <Filter Include="Source Files\ui">
      <UniqueIdentifier>{fce1931e-6505-49a9-bb6d-ef38c0344529}</UniqueIdentifier>
    </Filter>
    <Filter Include="Header Files\ui">
      <UniqueIdentifier>{734a7bdb-fcc2-48cb-98c4-de3eefcb134f}</UniqueIdentifier>
    </Filter>
    <Filter Include="Header Files\game">
      <UniqueIdentifier>{9536d372-8b7e-48f0-b829-8f646ac26925}</UniqueIdentifier>
    </Filter>
    <Filter Include="Source Files\game">
      <UniqueIdentifier>{172b64be-4e2f-479f-909d-91815871d12b}</UniqueIdentifier>
    </Filter>
  </ItemGroup>
  <ItemGroup>
    <ClCompile Include="source\main.cpp">
      <Filter>Source Files</Filter>
    </ClCompile>
    <ClCompile Include="source\engine.cpp">
      <Filter>Source Files</Filter>
    </ClCompile>
    <ClCompile Include="source\text.cpp">
      <Filter>Source Files\ui</Filter>
    </ClCompile>
    <ClCompile Include="source\menu.cpp">
      <Filter>Source Files\ui</Filter>
    </ClCompile>
    <ClCompile Include="source\game.cpp">
      <Filter>Source Files\game</Filter>
    </ClCompile>
    <ClCompile Include="source\spawner.cpp">
      <Filter>Source Files\game</Filter>
    </ClCompile>
    <ClCompile Include="source\player.cpp">
      <Filter>Source Files\game</Filter>
    </ClCompile>
    <ClCompile Include="source\testent.cpp">
      <Filter>Source Files\game</Filter>
    </ClCompile>
    <ClCompile Include="source\sprite.cpp">
      <Filter>Source Files</Filter>
    </ClCompile>
  </ItemGroup>
  <ItemGroup>
    <ClInclude Include="source\engine.h">
      <Filter>Header Files</Filter>
    </ClInclude>
    <ClInclude Include="source\config.h">
      <Filter>Header Files</Filter>
    </ClInclude>
    <ClInclude Include="source\logger.h">
      <Filter>Header Files</Filter>
    </ClInclude>
    <ClInclude Include="source\image.h">
      <Filter>Header Files</Filter>
    </ClInclude>
    <ClInclude Include="source\text.h">
      <Filter>Header Files\ui</Filter>
    </ClInclude>
    <ClInclude Include="source\menu.h">
      <Filter>Header Files\ui</Filter>
    </ClInclude>
    <ClInclude Include="source\mainmenu.h">
      <Filter>Header Files\ui</Filter>
    </ClInclude>
    <ClInclude Include="source\util.h">
      <Filter>Header Files</Filter>
    </ClInclude>
    <ClInclude Include="source\entity.h">
      <Filter>Header Files\game</Filter>
    </ClInclude>
    <ClInclude Include="source\game.h">
      <Filter>Header Files\game</Filter>
    </ClInclude>
    <ClInclude Include="source\spawner.h">
      <Filter>Header Files\game</Filter>
    </ClInclude>
    <ClInclude Include="source\player.h">
      <Filter>Header Files\game</Filter>
    </ClInclude>
    <ClInclude Include="source\testent.h">
      <Filter>Header Files\game</Filter>
    </ClInclude>
    <ClInclude Include="source\sprite.h">
      <Filter>Header Files</Filter>
    </ClInclude>
  </ItemGroup>
</Project>